// !$*UTF8*$!
{
	archiveVersion = 1;
	classes = {
	};
	objectVersion = 50;
	objects = {

/* Begin PBXBuildFile section */
		489502FA9C37349010824E7B /* Pods_RxSwiftTestPatternsTests.framework in Frameworks */ = {isa = PBXBuildFile; fileRef = 345D570EA5245B8284DCBB70 /* Pods_RxSwiftTestPatternsTests.framework */; };
		6D73E6A92115864C00596958 /* AppDelegate.swift in Sources */ = {isa = PBXBuildFile; fileRef = 6D73E6A82115864C00596958 /* AppDelegate.swift */; };
		6D73E6AB2115864C00596958 /* ViewController.swift in Sources */ = {isa = PBXBuildFile; fileRef = 6D73E6AA2115864C00596958 /* ViewController.swift */; };
		6D73E6AE2115864C00596958 /* Main.storyboard in Resources */ = {isa = PBXBuildFile; fileRef = 6D73E6AC2115864C00596958 /* Main.storyboard */; };
		6D73E6B02115865100596958 /* Assets.xcassets in Resources */ = {isa = PBXBuildFile; fileRef = 6D73E6AF2115865100596958 /* Assets.xcassets */; };
		6D73E6B32115865100596958 /* LaunchScreen.storyboard in Resources */ = {isa = PBXBuildFile; fileRef = 6D73E6B12115865100596958 /* LaunchScreen.storyboard */; };
		6D73E6BE2115865100596958 /* RxSwiftTestPatternsTests.swift in Sources */ = {isa = PBXBuildFile; fileRef = 6D73E6BD2115865100596958 /* RxSwiftTestPatternsTests.swift */; };
		AB311ED2C261F6B6CB6936AA /* Pods_RxSwiftTestPatterns.framework in Frameworks */ = {isa = PBXBuildFile; fileRef = B3950D3BD0A00F24BBB7750D /* Pods_RxSwiftTestPatterns.framework */; };
/* End PBXBuildFile section */

/* Begin PBXContainerItemProxy section */
		6D73E6BA2115865100596958 /* PBXContainerItemProxy */ = {
			isa = PBXContainerItemProxy;
			containerPortal = 6D73E69D2115864C00596958 /* Project object */;
			proxyType = 1;
			remoteGlobalIDString = 6D73E6A42115864C00596958;
			remoteInfo = RxSwiftTestPatterns;
		};
/* End PBXContainerItemProxy section */

/* Begin PBXFileReference section */
		345D570EA5245B8284DCBB70 /* Pods_RxSwiftTestPatternsTests.framework */ = {isa = PBXFileReference; explicitFileType = wrapper.framework; includeInIndex = 0; path = Pods_RxSwiftTestPatternsTests.framework; sourceTree = BUILT_PRODUCTS_DIR; };
		6D73E6A52115864C00596958 /* RxSwiftTestPatterns.app */ = {isa = PBXFileReference; explicitFileType = wrapper.application; includeInIndex = 0; path = RxSwiftTestPatterns.app; sourceTree = BUILT_PRODUCTS_DIR; };
		6D73E6A82115864C00596958 /* AppDelegate.swift */ = {isa = PBXFileReference; lastKnownFileType = sourcecode.swift; path = AppDelegate.swift; sourceTree = "<group>"; };
		6D73E6AA2115864C00596958 /* ViewController.swift */ = {isa = PBXFileReference; lastKnownFileType = sourcecode.swift; path = ViewController.swift; sourceTree = "<group>"; };
		6D73E6AD2115864C00596958 /* Base */ = {isa = PBXFileReference; lastKnownFileType = file.storyboard; name = Base; path = Base.lproj/Main.storyboard; sourceTree = "<group>"; };
		6D73E6AF2115865100596958 /* Assets.xcassets */ = {isa = PBXFileReference; lastKnownFileType = folder.assetcatalog; path = Assets.xcassets; sourceTree = "<group>"; };
		6D73E6B22115865100596958 /* Base */ = {isa = PBXFileReference; lastKnownFileType = file.storyboard; name = Base; path = Base.lproj/LaunchScreen.storyboard; sourceTree = "<group>"; };
		6D73E6B42115865100596958 /* Info.plist */ = {isa = PBXFileReference; lastKnownFileType = text.plist.xml; path = Info.plist; sourceTree = "<group>"; };
		6D73E6B92115865100596958 /* RxSwiftTestPatternsTests.xctest */ = {isa = PBXFileReference; explicitFileType = wrapper.cfbundle; includeInIndex = 0; path = RxSwiftTestPatternsTests.xctest; sourceTree = BUILT_PRODUCTS_DIR; };
		6D73E6BD2115865100596958 /* RxSwiftTestPatternsTests.swift */ = {isa = PBXFileReference; lastKnownFileType = sourcecode.swift; path = RxSwiftTestPatternsTests.swift; sourceTree = "<group>"; };
		6D73E6BF2115865100596958 /* Info.plist */ = {isa = PBXFileReference; lastKnownFileType = text.plist.xml; path = Info.plist; sourceTree = "<group>"; };
		9D4295630F0A3FE759DBA9F4 /* Pods-RxSwiftTestPatterns.debug.xcconfig */ = {isa = PBXFileReference; includeInIndex = 1; lastKnownFileType = text.xcconfig; name = "Pods-RxSwiftTestPatterns.debug.xcconfig"; path = "Pods/Target Support Files/Pods-RxSwiftTestPatterns/Pods-RxSwiftTestPatterns.debug.xcconfig"; sourceTree = "<group>"; };
		B3950D3BD0A00F24BBB7750D /* Pods_RxSwiftTestPatterns.framework */ = {isa = PBXFileReference; explicitFileType = wrapper.framework; includeInIndex = 0; path = Pods_RxSwiftTestPatterns.framework; sourceTree = BUILT_PRODUCTS_DIR; };
		EBF61957B53A092D0964E197 /* Pods-RxSwiftTestPatternsTests.release.xcconfig */ = {isa = PBXFileReference; includeInIndex = 1; lastKnownFileType = text.xcconfig; name = "Pods-RxSwiftTestPatternsTests.release.xcconfig"; path = "Pods/Target Support Files/Pods-RxSwiftTestPatternsTests/Pods-RxSwiftTestPatternsTests.release.xcconfig"; sourceTree = "<group>"; };
		FA58B661697914B014656014 /* Pods-RxSwiftTestPatterns.release.xcconfig */ = {isa = PBXFileReference; includeInIndex = 1; lastKnownFileType = text.xcconfig; name = "Pods-RxSwiftTestPatterns.release.xcconfig"; path = "Pods/Target Support Files/Pods-RxSwiftTestPatterns/Pods-RxSwiftTestPatterns.release.xcconfig"; sourceTree = "<group>"; };
		FFC5B19B6B8FEA92FB8C1495 /* Pods-RxSwiftTestPatternsTests.debug.xcconfig */ = {isa = PBXFileReference; includeInIndex = 1; lastKnownFileType = text.xcconfig; name = "Pods-RxSwiftTestPatternsTests.debug.xcconfig"; path = "Pods/Target Support Files/Pods-RxSwiftTestPatternsTests/Pods-RxSwiftTestPatternsTests.debug.xcconfig"; sourceTree = "<group>"; };
/* End PBXFileReference section */

/* Begin PBXFrameworksBuildPhase section */
		6D73E6A22115864C00596958 /* Frameworks */ = {
			isa = PBXFrameworksBuildPhase;
			buildActionMask = 2147483647;
			files = (
				AB311ED2C261F6B6CB6936AA /* Pods_RxSwiftTestPatterns.framework in Frameworks */,
			);
			runOnlyForDeploymentPostprocessing = 0;
		};
		6D73E6B62115865100596958 /* Frameworks */ = {
			isa = PBXFrameworksBuildPhase;
			buildActionMask = 2147483647;
			files = (
				489502FA9C37349010824E7B /* Pods_RxSwiftTestPatternsTests.framework in Frameworks */,
			);
			runOnlyForDeploymentPostprocessing = 0;
		};
/* End PBXFrameworksBuildPhase section */

/* Begin PBXGroup section */
		6D73E69C2115864C00596958 = {
			isa = PBXGroup;
			children = (
				6D73E6A72115864C00596958 /* RxSwiftTestPatterns */,
				6D73E6BC2115865100596958 /* RxSwiftTestPatternsTests */,
				6D73E6A62115864C00596958 /* Products */,
				E4BE49DDBA7C011D4AC7D66C /* Pods */,
				C2B5FC6BDC0B7BFFF68D4251 /* Frameworks */,
			);
			sourceTree = "<group>";
		};
		6D73E6A62115864C00596958 /* Products */ = {
			isa = PBXGroup;
			children = (
				6D73E6A52115864C00596958 /* RxSwiftTestPatterns.app */,
				6D73E6B92115865100596958 /* RxSwiftTestPatternsTests.xctest */,
			);
			name = Products;
			sourceTree = "<group>";
		};
		6D73E6A72115864C00596958 /* RxSwiftTestPatterns */ = {
			isa = PBXGroup;
			children = (
				6D73E6A82115864C00596958 /* AppDelegate.swift */,
				6D73E6AA2115864C00596958 /* ViewController.swift */,
				6D73E6AC2115864C00596958 /* Main.storyboard */,
				6D73E6AF2115865100596958 /* Assets.xcassets */,
				6D73E6B12115865100596958 /* LaunchScreen.storyboard */,
				6D73E6B42115865100596958 /* Info.plist */,
			);
			path = RxSwiftTestPatterns;
			sourceTree = "<group>";
		};
		6D73E6BC2115865100596958 /* RxSwiftTestPatternsTests */ = {
			isa = PBXGroup;
			children = (
				6D73E6BD2115865100596958 /* RxSwiftTestPatternsTests.swift */,
				6D73E6BF2115865100596958 /* Info.plist */,
			);
			path = RxSwiftTestPatternsTests;
			sourceTree = "<group>";
		};
		C2B5FC6BDC0B7BFFF68D4251 /* Frameworks */ = {
			isa = PBXGroup;
			children = (
				B3950D3BD0A00F24BBB7750D /* Pods_RxSwiftTestPatterns.framework */,
				345D570EA5245B8284DCBB70 /* Pods_RxSwiftTestPatternsTests.framework */,
			);
			name = Frameworks;
			sourceTree = "<group>";
		};
		E4BE49DDBA7C011D4AC7D66C /* Pods */ = {
			isa = PBXGroup;
			children = (
				9D4295630F0A3FE759DBA9F4 /* Pods-RxSwiftTestPatterns.debug.xcconfig */,
				FA58B661697914B014656014 /* Pods-RxSwiftTestPatterns.release.xcconfig */,
				FFC5B19B6B8FEA92FB8C1495 /* Pods-RxSwiftTestPatternsTests.debug.xcconfig */,
				EBF61957B53A092D0964E197 /* Pods-RxSwiftTestPatternsTests.release.xcconfig */,
			);
			name = Pods;
			sourceTree = "<group>";
		};
/* End PBXGroup section */

/* Begin PBXNativeTarget section */
		6D73E6A42115864C00596958 /* RxSwiftTestPatterns */ = {
			isa = PBXNativeTarget;
			buildConfigurationList = 6D73E6C22115865100596958 /* Build configuration list for PBXNativeTarget "RxSwiftTestPatterns" */;
			buildPhases = (
				50C2FC42EB9328CD695E8A8D /* [CP] Check Pods Manifest.lock */,
				6D73E6A12115864C00596958 /* Sources */,
				6D73E6A22115864C00596958 /* Frameworks */,
				6D73E6A32115864C00596958 /* Resources */,
				A0F4F8E479BFA11710CA2F09 /* [CP] Embed Pods Frameworks */,
			);
			buildRules = (
			);
			dependencies = (
			);
			name = RxSwiftTestPatterns;
			productName = RxSwiftTestPatterns;
			productReference = 6D73E6A52115864C00596958 /* RxSwiftTestPatterns.app */;
			productType = "com.apple.product-type.application";
		};
		6D73E6B82115865100596958 /* RxSwiftTestPatternsTests */ = {
			isa = PBXNativeTarget;
			buildConfigurationList = 6D73E6C52115865100596958 /* Build configuration list for PBXNativeTarget "RxSwiftTestPatternsTests" */;
			buildPhases = (
				3E7329E0D58D324A3A193F42 /* [CP] Check Pods Manifest.lock */,
				6D73E6B52115865100596958 /* Sources */,
				6D73E6B62115865100596958 /* Frameworks */,
				6D73E6B72115865100596958 /* Resources */,
				190B0374CA15E7124801E4B7 /* [CP] Embed Pods Frameworks */,
			);
			buildRules = (
			);
			dependencies = (
				6D73E6BB2115865100596958 /* PBXTargetDependency */,
			);
			name = RxSwiftTestPatternsTests;
			productName = RxSwiftTestPatternsTests;
			productReference = 6D73E6B92115865100596958 /* RxSwiftTestPatternsTests.xctest */;
			productType = "com.apple.product-type.bundle.unit-test";
		};
/* End PBXNativeTarget section */

/* Begin PBXProject section */
		6D73E69D2115864C00596958 /* Project object */ = {
			isa = PBXProject;
			attributes = {
				LastSwiftUpdateCheck = 0940;
				LastUpgradeCheck = 0940;
				ORGANIZATIONNAME = "Takehiro Kaneko";
				TargetAttributes = {
					6D73E6A42115864C00596958 = {
						CreatedOnToolsVersion = 9.4.1;
					};
					6D73E6B82115865100596958 = {
						CreatedOnToolsVersion = 9.4.1;
						TestTargetID = 6D73E6A42115864C00596958;
					};
				};
			};
			buildConfigurationList = 6D73E6A02115864C00596958 /* Build configuration list for PBXProject "RxSwiftTestPatterns" */;
			compatibilityVersion = "Xcode 9.3";
			developmentRegion = en;
			hasScannedForEncodings = 0;
			knownRegions = (
				en,
				Base,
			);
			mainGroup = 6D73E69C2115864C00596958;
			productRefGroup = 6D73E6A62115864C00596958 /* Products */;
			projectDirPath = "";
			projectRoot = "";
			targets = (
				6D73E6A42115864C00596958 /* RxSwiftTestPatterns */,
				6D73E6B82115865100596958 /* RxSwiftTestPatternsTests */,
			);
		};
/* End PBXProject section */

/* Begin PBXResourcesBuildPhase section */
		6D73E6A32115864C00596958 /* Resources */ = {
			isa = PBXResourcesBuildPhase;
			buildActionMask = 2147483647;
			files = (
				6D73E6B32115865100596958 /* LaunchScreen.storyboard in Resources */,
				6D73E6B02115865100596958 /* Assets.xcassets in Resources */,
				6D73E6AE2115864C00596958 /* Main.storyboard in Resources */,
			);
			runOnlyForDeploymentPostprocessing = 0;
		};
		6D73E6B72115865100596958 /* Resources */ = {
			isa = PBXResourcesBuildPhase;
			buildActionMask = 2147483647;
			files = (
			);
			runOnlyForDeploymentPostprocessing = 0;
		};
/* End PBXResourcesBuildPhase section */

/* Begin PBXShellScriptBuildPhase section */
		190B0374CA15E7124801E4B7 /* [CP] Embed Pods Frameworks */ = {
			isa = PBXShellScriptBuildPhase;
			buildActionMask = 2147483647;
			files = (
			);
			inputPaths = (
				"${SRCROOT}/Pods/Target Support Files/Pods-RxSwiftTestPatternsTests/Pods-RxSwiftTestPatternsTests-frameworks.sh",
				"${BUILT_PRODUCTS_DIR}/RxSwift/RxSwift.framework",
				"${BUILT_PRODUCTS_DIR}/Mockingjay/Mockingjay.framework",
				"${BUILT_PRODUCTS_DIR}/Nimble/Nimble.framework",
				"${BUILT_PRODUCTS_DIR}/Quick/Quick.framework",
				"${BUILT_PRODUCTS_DIR}/RxBlocking/RxBlocking.framework",
				"${BUILT_PRODUCTS_DIR}/RxTest/RxTest.framework",
				"${BUILT_PRODUCTS_DIR}/URITemplate/URITemplate.framework",
			);
			name = "[CP] Embed Pods Frameworks";
			outputPaths = (
				"${TARGET_BUILD_DIR}/${FRAMEWORKS_FOLDER_PATH}/RxSwift.framework",
				"${TARGET_BUILD_DIR}/${FRAMEWORKS_FOLDER_PATH}/Mockingjay.framework",
				"${TARGET_BUILD_DIR}/${FRAMEWORKS_FOLDER_PATH}/Nimble.framework",
				"${TARGET_BUILD_DIR}/${FRAMEWORKS_FOLDER_PATH}/Quick.framework",
				"${TARGET_BUILD_DIR}/${FRAMEWORKS_FOLDER_PATH}/RxBlocking.framework",
				"${TARGET_BUILD_DIR}/${FRAMEWORKS_FOLDER_PATH}/RxTest.framework",
				"${TARGET_BUILD_DIR}/${FRAMEWORKS_FOLDER_PATH}/URITemplate.framework",
			);
			runOnlyForDeploymentPostprocessing = 0;
			shellPath = /bin/sh;
			shellScript = "\"${SRCROOT}/Pods/Target Support Files/Pods-RxSwiftTestPatternsTests/Pods-RxSwiftTestPatternsTests-frameworks.sh\"\n";
			showEnvVarsInLog = 0;
		};
		3E7329E0D58D324A3A193F42 /* [CP] Check Pods Manifest.lock */ = {
			isa = PBXShellScriptBuildPhase;
			buildActionMask = 2147483647;
			files = (
			);
			inputPaths = (
				"${PODS_PODFILE_DIR_PATH}/Podfile.lock",
				"${PODS_ROOT}/Manifest.lock",
			);
			name = "[CP] Check Pods Manifest.lock";
			outputPaths = (
				"$(DERIVED_FILE_DIR)/Pods-RxSwiftTestPatternsTests-checkManifestLockResult.txt",
			);
			runOnlyForDeploymentPostprocessing = 0;
			shellPath = /bin/sh;
			shellScript = "diff \"${PODS_PODFILE_DIR_PATH}/Podfile.lock\" \"${PODS_ROOT}/Manifest.lock\" > /dev/null\nif [ $? != 0 ] ; then\n    # print error to STDERR\n    echo \"error: The sandbox is not in sync with the Podfile.lock. Run 'pod install' or update your CocoaPods installation.\" >&2\n    exit 1\nfi\n# This output is used by Xcode 'outputs' to avoid re-running this script phase.\necho \"SUCCESS\" > \"${SCRIPT_OUTPUT_FILE_0}\"\n";
			showEnvVarsInLog = 0;
		};
		50C2FC42EB9328CD695E8A8D /* [CP] Check Pods Manifest.lock */ = {
			isa = PBXShellScriptBuildPhase;
			buildActionMask = 2147483647;
			files = (
			);
			inputPaths = (
				"${PODS_PODFILE_DIR_PATH}/Podfile.lock",
				"${PODS_ROOT}/Manifest.lock",
			);
			name = "[CP] Check Pods Manifest.lock";
			outputPaths = (
				"$(DERIVED_FILE_DIR)/Pods-RxSwiftTestPatterns-checkManifestLockResult.txt",
			);
			runOnlyForDeploymentPostprocessing = 0;
			shellPath = /bin/sh;
			shellScript = "diff \"${PODS_PODFILE_DIR_PATH}/Podfile.lock\" \"${PODS_ROOT}/Manifest.lock\" > /dev/null\nif [ $? != 0 ] ; then\n    # print error to STDERR\n    echo \"error: The sandbox is not in sync with the Podfile.lock. Run 'pod install' or update your CocoaPods installation.\" >&2\n    exit 1\nfi\n# This output is used by Xcode 'outputs' to avoid re-running this script phase.\necho \"SUCCESS\" > \"${SCRIPT_OUTPUT_FILE_0}\"\n";
			showEnvVarsInLog = 0;
		};
		A0F4F8E479BFA11710CA2F09 /* [CP] Embed Pods Frameworks */ = {
			isa = PBXShellScriptBuildPhase;
			buildActionMask = 2147483647;
			files = (
			);
			inputPaths = (
				"${SRCROOT}/Pods/Target Support Files/Pods-RxSwiftTestPatterns/Pods-RxSwiftTestPatterns-frameworks.sh",
				"${BUILT_PRODUCTS_DIR}/RxCocoa/RxCocoa.framework",
				"${BUILT_PRODUCTS_DIR}/RxSwift/RxSwift.framework",
			);
			name = "[CP] Embed Pods Frameworks";
			outputPaths = (
				"${TARGET_BUILD_DIR}/${FRAMEWORKS_FOLDER_PATH}/RxCocoa.framework",
				"${TARGET_BUILD_DIR}/${FRAMEWORKS_FOLDER_PATH}/RxSwift.framework",
			);
			runOnlyForDeploymentPostprocessing = 0;
			shellPath = /bin/sh;
			shellScript = "\"${SRCROOT}/Pods/Target Support Files/Pods-RxSwiftTestPatterns/Pods-RxSwiftTestPatterns-frameworks.sh\"\n";
			showEnvVarsInLog = 0;
		};
/* End PBXShellScriptBuildPhase section */

/* Begin PBXSourcesBuildPhase section */
		6D73E6A12115864C00596958 /* Sources */ = {
			isa = PBXSourcesBuildPhase;
			buildActionMask = 2147483647;
			files = (
				6D73E6AB2115864C00596958 /* ViewController.swift in Sources */,
				6D73E6A92115864C00596958 /* AppDelegate.swift in Sources */,
			);
			runOnlyForDeploymentPostprocessing = 0;
		};
		6D73E6B52115865100596958 /* Sources */ = {
			isa = PBXSourcesBuildPhase;
			buildActionMask = 2147483647;
			files = (
				6D73E6BE2115865100596958 /* RxSwiftTestPatternsTests.swift in Sources */,
			);
			runOnlyForDeploymentPostprocessing = 0;
		};
/* End PBXSourcesBuildPhase section */

/* Begin PBXTargetDependency section */
		6D73E6BB2115865100596958 /* PBXTargetDependency */ = {
			isa = PBXTargetDependency;
			target = 6D73E6A42115864C00596958 /* RxSwiftTestPatterns */;
			targetProxy = 6D73E6BA2115865100596958 /* PBXContainerItemProxy */;
		};
/* End PBXTargetDependency section */

/* Begin PBXVariantGroup section */
		6D73E6AC2115864C00596958 /* Main.storyboard */ = {
			isa = PBXVariantGroup;
			children = (
				6D73E6AD2115864C00596958 /* Base */,
			);
			name = Main.storyboard;
			sourceTree = "<group>";
		};
		6D73E6B12115865100596958 /* LaunchScreen.storyboard */ = {
			isa = PBXVariantGroup;
			children = (
				6D73E6B22115865100596958 /* Base */,
			);
			name = LaunchScreen.storyboard;
			sourceTree = "<group>";
		};
/* End PBXVariantGroup section */

/* Begin XCBuildConfiguration section */
		6D73E6C02115865100596958 /* Debug */ = {
			isa = XCBuildConfiguration;
			buildSettings = {
				ALWAYS_SEARCH_USER_PATHS = NO;
				CLANG_ANALYZER_NONNULL = YES;
				CLANG_ANALYZER_NUMBER_OBJECT_CONVERSION = YES_AGGRESSIVE;
				CLANG_CXX_LANGUAGE_STANDARD = "gnu++14";
				CLANG_CXX_LIBRARY = "libc++";
				CLANG_ENABLE_MODULES = YES;
				CLANG_ENABLE_OBJC_ARC = YES;
				CLANG_ENABLE_OBJC_WEAK = YES;
				CLANG_WARN_BLOCK_CAPTURE_AUTORELEASING = YES;
				CLANG_WARN_BOOL_CONVERSION = YES;
				CLANG_WARN_COMMA = YES;
				CLANG_WARN_CONSTANT_CONVERSION = YES;
				CLANG_WARN_DEPRECATED_OBJC_IMPLEMENTATIONS = YES;
				CLANG_WARN_DIRECT_OBJC_ISA_USAGE = YES_ERROR;
				CLANG_WARN_DOCUMENTATION_COMMENTS = YES;
				CLANG_WARN_EMPTY_BODY = YES;
				CLANG_WARN_ENUM_CONVERSION = YES;
				CLANG_WARN_INFINITE_RECURSION = YES;
				CLANG_WARN_INT_CONVERSION = YES;
				CLANG_WARN_NON_LITERAL_NULL_CONVERSION = YES;
				CLANG_WARN_OBJC_IMPLICIT_RETAIN_SELF = YES;
				CLANG_WARN_OBJC_LITERAL_CONVERSION = YES;
				CLANG_WARN_OBJC_ROOT_CLASS = YES_ERROR;
				CLANG_WARN_RANGE_LOOP_ANALYSIS = YES;
				CLANG_WARN_STRICT_PROTOTYPES = YES;
				CLANG_WARN_SUSPICIOUS_MOVE = YES;
				CLANG_WARN_UNGUARDED_AVAILABILITY = YES_AGGRESSIVE;
				CLANG_WARN_UNREACHABLE_CODE = YES;
				CLANG_WARN__DUPLICATE_METHOD_MATCH = YES;
				CODE_SIGN_IDENTITY = "iPhone Developer";
				COPY_PHASE_STRIP = NO;
				DEBUG_INFORMATION_FORMAT = dwarf;
				ENABLE_STRICT_OBJC_MSGSEND = YES;
				ENABLE_TESTABILITY = YES;
				GCC_C_LANGUAGE_STANDARD = gnu11;
				GCC_DYNAMIC_NO_PIC = NO;
				GCC_NO_COMMON_BLOCKS = YES;
				GCC_OPTIMIZATION_LEVEL = 0;
				GCC_PREPROCESSOR_DEFINITIONS = (
					"DEBUG=1",
					"$(inherited)",
				);
				GCC_WARN_64_TO_32_BIT_CONVERSION = YES;
				GCC_WARN_ABOUT_RETURN_TYPE = YES_ERROR;
				GCC_WARN_UNDECLARED_SELECTOR = YES;
				GCC_WARN_UNINITIALIZED_AUTOS = YES_AGGRESSIVE;
				GCC_WARN_UNUSED_FUNCTION = YES;
				GCC_WARN_UNUSED_VARIABLE = YES;
				IPHONEOS_DEPLOYMENT_TARGET = 11.4;
				MTL_ENABLE_DEBUG_INFO = YES;
				ONLY_ACTIVE_ARCH = YES;
				SDKROOT = iphoneos;
				SWIFT_ACTIVE_COMPILATION_CONDITIONS = DEBUG;
				SWIFT_OPTIMIZATION_LEVEL = "-Onone";
			};
			name = Debug;
		};
		6D73E6C12115865100596958 /* Release */ = {
			isa = XCBuildConfiguration;
			buildSettings = {
				ALWAYS_SEARCH_USER_PATHS = NO;
				CLANG_ANALYZER_NONNULL = YES;
				CLANG_ANALYZER_NUMBER_OBJECT_CONVERSION = YES_AGGRESSIVE;
				CLANG_CXX_LANGUAGE_STANDARD = "gnu++14";
				CLANG_CXX_LIBRARY = "libc++";
				CLANG_ENABLE_MODULES = YES;
				CLANG_ENABLE_OBJC_ARC = YES;
				CLANG_ENABLE_OBJC_WEAK = YES;
				CLANG_WARN_BLOCK_CAPTURE_AUTORELEASING = YES;
				CLANG_WARN_BOOL_CONVERSION = YES;
				CLANG_WARN_COMMA = YES;
				CLANG_WARN_CONSTANT_CONVERSION = YES;
				CLANG_WARN_DEPRECATED_OBJC_IMPLEMENTATIONS = YES;
				CLANG_WARN_DIRECT_OBJC_ISA_USAGE = YES_ERROR;
				CLANG_WARN_DOCUMENTATION_COMMENTS = YES;
				CLANG_WARN_EMPTY_BODY = YES;
				CLANG_WARN_ENUM_CONVERSION = YES;
				CLANG_WARN_INFINITE_RECURSION = YES;
				CLANG_WARN_INT_CONVERSION = YES;
				CLANG_WARN_NON_LITERAL_NULL_CONVERSION = YES;
				CLANG_WARN_OBJC_IMPLICIT_RETAIN_SELF = YES;
				CLANG_WARN_OBJC_LITERAL_CONVERSION = YES;
				CLANG_WARN_OBJC_ROOT_CLASS = YES_ERROR;
				CLANG_WARN_RANGE_LOOP_ANALYSIS = YES;
				CLANG_WARN_STRICT_PROTOTYPES = YES;
				CLANG_WARN_SUSPICIOUS_MOVE = YES;
				CLANG_WARN_UNGUARDED_AVAILABILITY = YES_AGGRESSIVE;
				CLANG_WARN_UNREACHABLE_CODE = YES;
				CLANG_WARN__DUPLICATE_METHOD_MATCH = YES;
				CODE_SIGN_IDENTITY = "iPhone Developer";
				COPY_PHASE_STRIP = NO;
				DEBUG_INFORMATION_FORMAT = "dwarf-with-dsym";
				ENABLE_NS_ASSERTIONS = NO;
				ENABLE_STRICT_OBJC_MSGSEND = YES;
				GCC_C_LANGUAGE_STANDARD = gnu11;
				GCC_NO_COMMON_BLOCKS = YES;
				GCC_WARN_64_TO_32_BIT_CONVERSION = YES;
				GCC_WARN_ABOUT_RETURN_TYPE = YES_ERROR;
				GCC_WARN_UNDECLARED_SELECTOR = YES;
				GCC_WARN_UNINITIALIZED_AUTOS = YES_AGGRESSIVE;
				GCC_WARN_UNUSED_FUNCTION = YES;
				GCC_WARN_UNUSED_VARIABLE = YES;
				IPHONEOS_DEPLOYMENT_TARGET = 11.4;
				MTL_ENABLE_DEBUG_INFO = NO;
				SDKROOT = iphoneos;
				SWIFT_COMPILATION_MODE = wholemodule;
				SWIFT_OPTIMIZATION_LEVEL = "-O";
				VALIDATE_PRODUCT = YES;
			};
			name = Release;
		};
		6D73E6C32115865100596958 /* Debug */ = {
			isa = XCBuildConfiguration;
			baseConfigurationReference = 9D4295630F0A3FE759DBA9F4 /* Pods-RxSwiftTestPatterns.debug.xcconfig */;
			buildSettings = {
				ASSETCATALOG_COMPILER_APPICON_NAME = AppIcon;
				CODE_SIGN_STYLE = Automatic;
				INFOPLIST_FILE = RxSwiftTestPatterns/Info.plist;
				LD_RUNPATH_SEARCH_PATHS = (
					"$(inherited)",
					"@executable_path/Frameworks",
				);
				PRODUCT_BUNDLE_IDENTIFIER = com.example.RxSwiftTestPatterns;
				PRODUCT_NAME = "$(TARGET_NAME)";
				SWIFT_VERSION = 4.0;
				TARGETED_DEVICE_FAMILY = "1,2";
			};
			name = Debug;
		};
		6D73E6C42115865100596958 /* Release */ = {
			isa = XCBuildConfiguration;
			baseConfigurationReference = FA58B661697914B014656014 /* Pods-RxSwiftTestPatterns.release.xcconfig */;
			buildSettings = {
				ASSETCATALOG_COMPILER_APPICON_NAME = AppIcon;
				CODE_SIGN_STYLE = Automatic;
				INFOPLIST_FILE = RxSwiftTestPatterns/Info.plist;
				LD_RUNPATH_SEARCH_PATHS = (
					"$(inherited)",
					"@executable_path/Frameworks",
				);
				PRODUCT_BUNDLE_IDENTIFIER = com.example.RxSwiftTestPatterns;
				PRODUCT_NAME = "$(TARGET_NAME)";
				SWIFT_VERSION = 4.0;
				TARGETED_DEVICE_FAMILY = "1,2";
			};
			name = Release;
		};
		6D73E6C62115865100596958 /* Debug */ = {
			isa = XCBuildConfiguration;
			baseConfigurationReference = FFC5B19B6B8FEA92FB8C1495 /* Pods-RxSwiftTestPatternsTests.debug.xcconfig */;
			buildSettings = {
				ALWAYS_EMBED_SWIFT_STANDARD_LIBRARIES = YES;
				BUNDLE_LOADER = "$(TEST_HOST)";
				CODE_SIGN_STYLE = Automatic;
				INFOPLIST_FILE = RxSwiftTestPatternsTests/Info.plist;
				LD_RUNPATH_SEARCH_PATHS = (
					"$(inherited)",
					"@executable_path/Frameworks",
					"@loader_path/Frameworks",
				);
				PRODUCT_BUNDLE_IDENTIFIER = com.example.RxSwiftTestPatternsTests;
				PRODUCT_NAME = "$(TARGET_NAME)";
				SWIFT_VERSION = 4.0;
				TARGETED_DEVICE_FAMILY = "1,2";
				TEST_HOST = "$(BUILT_PRODUCTS_DIR)/RxSwiftTestPatterns.app/RxSwiftTestPatterns";
			};
			name = Debug;
		};
		6D73E6C72115865100596958 /* Release */ = {
			isa = XCBuildConfiguration;
			baseConfigurationReference = EBF61957B53A092D0964E197 /* Pods-RxSwiftTestPatternsTests.release.xcconfig */;
			buildSettings = {
				ALWAYS_EMBED_SWIFT_STANDARD_LIBRARIES = YES;
				BUNDLE_LOADER = "$(TEST_HOST)";
				CODE_SIGN_STYLE = Automatic;
				INFOPLIST_FILE = RxSwiftTestPatternsTests/Info.plist;
				LD_RUNPATH_SEARCH_PATHS = (
					"$(inherited)",
					"@executable_path/Frameworks",
					"@loader_path/Frameworks",
				);
				PRODUCT_BUNDLE_IDENTIFIER = com.example.RxSwiftTestPatternsTests;
				PRODUCT_NAME = "$(TARGET_NAME)";
				SWIFT_VERSION = 4.0;
				TARGETED_DEVICE_FAMILY = "1,2";
				TEST_HOST = "$(BUILT_PRODUCTS_DIR)/RxSwiftTestPatterns.app/RxSwiftTestPatterns";
			};
			name = Release;
		};
/* End XCBuildConfiguration section */

/* Begin XCConfigurationList section */
		6D73E6A02115864C00596958 /* Build configuration list for PBXProject "RxSwiftTestPatterns" */ = {
			isa = XCConfigurationList;
			buildConfigurations = (
				6D73E6C02115865100596958 /* Debug */,
				6D73E6C12115865100596958 /* Release */,
			);
			defaultConfigurationIsVisible = 0;
			defaultConfigurationName = Release;
		};
		6D73E6C22115865100596958 /* Build configuration list for PBXNativeTarget "RxSwiftTestPatterns" */ = {
			isa = XCConfigurationList;
			buildConfigurations = (
				6D73E6C32115865100596958 /* Debug */,
				6D73E6C42115865100596958 /* Release */,
			);
			defaultConfigurationIsVisible = 0;
			defaultConfigurationName = Release;
		};
		6D73E6C52115865100596958 /* Build configuration list for PBXNativeTarget "RxSwiftTestPatternsTests" */ = {
			isa = XCConfigurationList;
			buildConfigurations = (
				6D73E6C62115865100596958 /* Debug */,
				6D73E6C72115865100596958 /* Release */,
			);
			defaultConfigurationIsVisible = 0;
			defaultConfigurationName = Release;
		};
/* End XCConfigurationList section */
	};
	rootObject = 6D73E69D2115864C00596958 /* Project object */;
}
